
Microsoft Visual Studio Solution File, Format Version 12.00
# Visual Studio 15
VisualStudioVersion = 15.0.28307.136
MinimumVisualStudioVersion = 10.0.40219.1
Project("{FAE04EC0-301F-11D3-BF4B-00C04F79EFBC}") = "WpdOstatni", "WpdOstatni\WpdOstatni.csproj", "{12B6BFF0-5238-4497-A4BD-CFDE7EACE457}"
EndProject
Project("{FAE04EC0-301F-11D3-BF4B-00C04F79EFBC}") = "Repository", "Repository\Repository.csproj", "{0CF74AC4-ACA6-41D3-8533-8697CE6ABE4E}"
EndProject
Global
	GlobalSection(SolutionConfigurationPlatforms) = preSolution
		Debug|Any CPU = Debug|Any CPU
		Release|Any CPU = Release|Any CPU
	EndGlobalSection
	GlobalSection(ProjectConfigurationPlatforms) = postSolution
		{12B6BFF0-5238-4497-A4BD-CFDE7EACE457}.Debug|Any CPU.ActiveCfg = Debug|Any CPU
		{12B6BFF0-5238-4497-A4BD-CFDE7EACE457}.Debug|Any CPU.Build.0 = Debug|Any CPU
		{12B6BFF0-5238-4497-A4BD-CFDE7EACE457}.Release|Any CPU.ActiveCfg = Release|Any CPU
		{12B6BFF0-5238-4497-A4BD-CFDE7EACE457}.Release|Any CPU.Build.0 = Release|Any CPU
		{0CF74AC4-ACA6-41D3-8533-8697CE6ABE4E}.Debug|Any CPU.ActiveCfg = Debug|Any CPU
		{0CF74AC4-ACA6-41D3-8533-8697CE6ABE4E}.Debug|Any CPU.Build.0 = Debug|Any CPU
		{0CF74AC4-ACA6-41D3-8533-8697CE6ABE4E}.Release|Any CPU.ActiveCfg = Release|Any CPU
		{0CF74AC4-ACA6-41D3-8533-8697CE6ABE4E}.Release|Any CPU.Build.0 = Release|Any CPU
	EndGlobalSection
	GlobalSection(SolutionProperties) = preSolution
		HideSolutionNode = FALSE
	EndGlobalSection
	GlobalSection(ExtensibilityGlobals) = postSolution
		SolutionGuid = {9A5AA0EF-E841-4A87-AF1F-51F768FFA882}
	EndGlobalSection
EndGlobal
